
Microsoft Visual Studio Solution File, Format Version 12.00
# Visual Studio Version 17
VisualStudioVersion = 17.5.002.0
MinimumVisualStudioVersion = 10.0.40219.1
Project("{9A19103F-16F7-4668-BE54-9A1E7A4F7556}") = "WhatsappDemoAPIs", "WhatsappDemoAPIs.csproj", "{837822F1-731C-4410-93C2-C4289C6771CA}"
EndProject
Global
	GlobalSection(SolutionConfigurationPlatforms) = preSolution
		Debug|Any CPU = Debug|Any CPU
		Release|Any CPU = Release|Any CPU
	EndGlobalSection
	GlobalSection(ProjectConfigurationPlatforms) = postSolution
		{837822F1-731C-4410-93C2-C4289C6771CA}.Debug|Any CPU.ActiveCfg = Debug|Any CPU
		{837822F1-731C-4410-93C2-C4289C6771CA}.Debug|Any CPU.Build.0 = Debug|Any CPU
		{837822F1-731C-4410-93C2-C4289C6771CA}.Release|Any CPU.ActiveCfg = Release|Any CPU
		{837822F1-731C-4410-93C2-C4289C6771CA}.Release|Any CPU.Build.0 = Release|Any CPU
	EndGlobalSection
	GlobalSection(SolutionProperties) = preSolution
		HideSolutionNode = FALSE
	EndGlobalSection
	GlobalSection(ExtensibilityGlobals) = postSolution
		SolutionGuid = {2A3EA415-1B19-4809-975D-AE29E3A70A7D}
	EndGlobalSection
EndGlobal
